
Microsoft Visual Studio Solution File, Format Version 12.00
# Visual Studio Version 16
VisualStudioVersion = 16.0.30517.126
MinimumVisualStudioVersion = 10.0.40219.1
Project("{FAE04EC0-301F-11D3-BF4B-00C04F79EFBC}") = "eShop.Web", "eShop.Web\eShop.Web.csproj", "{8939BBF7-2D21-4AE1-9F61-D994109938EA}"
EndProject
Project("{2150E333-8FDC-42A3-9474-1A3956D46DE8}") = "Solution Items", "Solution Items", "{2372BAE6-A4B8-4F77-B154-E5236A39382D}"
	ProjectSection(SolutionItems) = preProject
		README.md = README.md
	EndProjectSection
EndProject
Global
	GlobalSection(SolutionConfigurationPlatforms) = preSolution
		Debug|Any CPU = Debug|Any CPU
		Release|Any CPU = Release|Any CPU
	EndGlobalSection
	GlobalSection(ProjectConfigurationPlatforms) = postSolution
		{8939BBF7-2D21-4AE1-9F61-D994109938EA}.Debug|Any CPU.ActiveCfg = Debug|Any CPU
		{8939BBF7-2D21-4AE1-9F61-D994109938EA}.Debug|Any CPU.Build.0 = Debug|Any CPU
		{8939BBF7-2D21-4AE1-9F61-D994109938EA}.Release|Any CPU.ActiveCfg = Release|Any CPU
		{8939BBF7-2D21-4AE1-9F61-D994109938EA}.Release|Any CPU.Build.0 = Release|Any CPU
	EndGlobalSection
	GlobalSection(SolutionProperties) = preSolution
		HideSolutionNode = FALSE
	EndGlobalSection
	GlobalSection(ExtensibilityGlobals) = postSolution
		SolutionGuid = {511CF58D-449A-4D63-A71B-01DB298BE6A5}
	EndGlobalSection
EndGlobal
