
Microsoft Visual Studio Solution File, Format Version 12.00
# Visual Studio Version 16
VisualStudioVersion = 16.0.30517.126
MinimumVisualStudioVersion = 10.0.40219.1
Project("{9A19103F-16F7-4668-BE54-9A1E7A4F7556}") = "eShop.Web", "eShop.Web\eShop.Web.csproj", "{8939BBF7-2D21-4AE1-9F61-D994109938EA}"
EndProject
Project("{2150E333-8FDC-42A3-9474-1A3956D46DE8}") = "Solution Items", "Solution Items", "{2372BAE6-A4B8-4F77-B154-E5236A39382D}"
	ProjectSection(SolutionItems) = preProject
		README.md = README.md
	EndProjectSection
EndProject
Project("{9A19103F-16F7-4668-BE54-9A1E7A4F7556}") = "eShop.Data", "eShop.Data\eShop.Data.csproj", "{82959D85-82D5-413E-BD16-F14C8A423D85}"
EndProject
Project("{9A19103F-16F7-4668-BE54-9A1E7A4F7556}") = "eShop.Application", "eShop.Application\eShop.Application.csproj", "{85722817-01E5-4A74-AA20-843B67BE4AF4}"
EndProject
Project("{9A19103F-16F7-4668-BE54-9A1E7A4F7556}") = "eShop.Utilities", "eShop.Utilities\eShop.Utilities.csproj", "{737A804E-F52E-411B-AF11-D33CEF41D396}"
EndProject
Project("{9A19103F-16F7-4668-BE54-9A1E7A4F7556}") = "eShop.ViewModels", "eShop.ViewModel\eShop.ViewModels.csproj", "{ABCC720E-54A7-4FE4-9091-4212ABEE2E25}"
EndProject
Project("{FAE04EC0-301F-11D3-BF4B-00C04F79EFBC}") = "eShop.BackendApi", "eShop.BackendApi\eShop.BackendApi.csproj", "{32313CAF-8A1B-4237-8BCE-A037F46BCD52}"
EndProject
Global
	GlobalSection(SolutionConfigurationPlatforms) = preSolution
		Debug|Any CPU = Debug|Any CPU
		Release|Any CPU = Release|Any CPU
	EndGlobalSection
	GlobalSection(ProjectConfigurationPlatforms) = postSolution
		{8939BBF7-2D21-4AE1-9F61-D994109938EA}.Debug|Any CPU.ActiveCfg = Debug|Any CPU
		{8939BBF7-2D21-4AE1-9F61-D994109938EA}.Debug|Any CPU.Build.0 = Debug|Any CPU
		{8939BBF7-2D21-4AE1-9F61-D994109938EA}.Release|Any CPU.ActiveCfg = Release|Any CPU
		{8939BBF7-2D21-4AE1-9F61-D994109938EA}.Release|Any CPU.Build.0 = Release|Any CPU
		{82959D85-82D5-413E-BD16-F14C8A423D85}.Debug|Any CPU.ActiveCfg = Debug|Any CPU
		{82959D85-82D5-413E-BD16-F14C8A423D85}.Debug|Any CPU.Build.0 = Debug|Any CPU
		{82959D85-82D5-413E-BD16-F14C8A423D85}.Release|Any CPU.ActiveCfg = Release|Any CPU
		{82959D85-82D5-413E-BD16-F14C8A423D85}.Release|Any CPU.Build.0 = Release|Any CPU
		{85722817-01E5-4A74-AA20-843B67BE4AF4}.Debug|Any CPU.ActiveCfg = Debug|Any CPU
		{85722817-01E5-4A74-AA20-843B67BE4AF4}.Debug|Any CPU.Build.0 = Debug|Any CPU
		{85722817-01E5-4A74-AA20-843B67BE4AF4}.Release|Any CPU.ActiveCfg = Release|Any CPU
		{85722817-01E5-4A74-AA20-843B67BE4AF4}.Release|Any CPU.Build.0 = Release|Any CPU
		{737A804E-F52E-411B-AF11-D33CEF41D396}.Debug|Any CPU.ActiveCfg = Debug|Any CPU
		{737A804E-F52E-411B-AF11-D33CEF41D396}.Debug|Any CPU.Build.0 = Debug|Any CPU
		{737A804E-F52E-411B-AF11-D33CEF41D396}.Release|Any CPU.ActiveCfg = Release|Any CPU
		{737A804E-F52E-411B-AF11-D33CEF41D396}.Release|Any CPU.Build.0 = Release|Any CPU
		{ABCC720E-54A7-4FE4-9091-4212ABEE2E25}.Debug|Any CPU.ActiveCfg = Debug|Any CPU
		{ABCC720E-54A7-4FE4-9091-4212ABEE2E25}.Debug|Any CPU.Build.0 = Debug|Any CPU
		{ABCC720E-54A7-4FE4-9091-4212ABEE2E25}.Release|Any CPU.ActiveCfg = Release|Any CPU
		{ABCC720E-54A7-4FE4-9091-4212ABEE2E25}.Release|Any CPU.Build.0 = Release|Any CPU
		{32313CAF-8A1B-4237-8BCE-A037F46BCD52}.Debug|Any CPU.ActiveCfg = Debug|Any CPU
		{32313CAF-8A1B-4237-8BCE-A037F46BCD52}.Debug|Any CPU.Build.0 = Debug|Any CPU
		{32313CAF-8A1B-4237-8BCE-A037F46BCD52}.Release|Any CPU.ActiveCfg = Release|Any CPU
		{32313CAF-8A1B-4237-8BCE-A037F46BCD52}.Release|Any CPU.Build.0 = Release|Any CPU
	EndGlobalSection
	GlobalSection(SolutionProperties) = preSolution
		HideSolutionNode = FALSE
	EndGlobalSection
	GlobalSection(ExtensibilityGlobals) = postSolution
		SolutionGuid = {511CF58D-449A-4D63-A71B-01DB298BE6A5}
	EndGlobalSection
EndGlobal
